
Microsoft Visual Studio Solution File, Format Version 12.00
# Visual Studio 15
VisualStudioVersion = 15.0.27428.2015
MinimumVisualStudioVersion = 10.0.40219.1
Project("{FAE04EC0-301F-11D3-BF4B-00C04F79EFBC}") = "EventNullEx", "EventNullEx\EventNullEx.csproj", "{8BA010D8-CA49-4208-A5A8-C1698E905E88}"
EndProject
Global
	GlobalSection(SolutionConfigurationPlatforms) = preSolution
		Debug|Any CPU = Debug|Any CPU
		Release|Any CPU = Release|Any CPU
	EndGlobalSection
	GlobalSection(ProjectConfigurationPlatforms) = postSolution
		{8BA010D8-CA49-4208-A5A8-C1698E905E88}.Debug|Any CPU.ActiveCfg = Debug|Any CPU
		{8BA010D8-CA49-4208-A5A8-C1698E905E88}.Debug|Any CPU.Build.0 = Debug|Any CPU
		{8BA010D8-CA49-4208-A5A8-C1698E905E88}.Release|Any CPU.ActiveCfg = Release|Any CPU
		{8BA010D8-CA49-4208-A5A8-C1698E905E88}.Release|Any CPU.Build.0 = Release|Any CPU
	EndGlobalSection
	GlobalSection(SolutionProperties) = preSolution
		HideSolutionNode = FALSE
	EndGlobalSection
	GlobalSection(ExtensibilityGlobals) = postSolution
		SolutionGuid = {968FB298-2497-4A90-B412-329556FE8644}
	EndGlobalSection
EndGlobal
